
Microsoft Visual Studio Solution File, Format Version 12.00
# Visual Studio Version 17
VisualStudioVersion = 17.8.34525.116
MinimumVisualStudioVersion = 10.0.40219.1
Project("{FAE04EC0-301F-11D3-BF4B-00C04F79EFBC}") = "GSGTask_A", "GSGTasks\GSGTask_A.csproj", "{6050BD1F-3783-45BE-A7E2-1BEAEE30A10B}"
EndProject
Project("{FAE04EC0-301F-11D3-BF4B-00C04F79EFBC}") = "GSGTask_B", "GSGTask_B\GSGTask_B.csproj", "{A7462F40-69E3-4E19-B99C-51AE74588044}"
EndProject
Project("{FAE04EC0-301F-11D3-BF4B-00C04F79EFBC}") = "GSGTask_C", "GSGTask_C\GSGTask_C.csproj", "{50735FCF-69DC-48D0-ACDF-8C6ABDF01D7A}"
EndProject
Project("{FAE04EC0-301F-11D3-BF4B-00C04F79EFBC}") = "DataStructure_Task_A", "DataStructure_Task_A\DataStructure_Task_A.csproj", "{A6F61B42-2FF5-4CAD-8304-28C485CF0806}"
EndProject
Project("{FAE04EC0-301F-11D3-BF4B-00C04F79EFBC}") = "DataStructure_Task_B", "DataStructure_Task_B\DataStructure_Task_B.csproj", "{29B61128-184C-4580-82FB-CE3AAED10460}"
EndProject
Global
	GlobalSection(SolutionConfigurationPlatforms) = preSolution
		Debug|Any CPU = Debug|Any CPU
		Release|Any CPU = Release|Any CPU
	EndGlobalSection
	GlobalSection(ProjectConfigurationPlatforms) = postSolution
		{6050BD1F-3783-45BE-A7E2-1BEAEE30A10B}.Debug|Any CPU.ActiveCfg = Debug|Any CPU
		{6050BD1F-3783-45BE-A7E2-1BEAEE30A10B}.Debug|Any CPU.Build.0 = Debug|Any CPU
		{6050BD1F-3783-45BE-A7E2-1BEAEE30A10B}.Release|Any CPU.ActiveCfg = Release|Any CPU
		{6050BD1F-3783-45BE-A7E2-1BEAEE30A10B}.Release|Any CPU.Build.0 = Release|Any CPU
		{A7462F40-69E3-4E19-B99C-51AE74588044}.Debug|Any CPU.ActiveCfg = Debug|Any CPU
		{A7462F40-69E3-4E19-B99C-51AE74588044}.Debug|Any CPU.Build.0 = Debug|Any CPU
		{A7462F40-69E3-4E19-B99C-51AE74588044}.Release|Any CPU.ActiveCfg = Release|Any CPU
		{A7462F40-69E3-4E19-B99C-51AE74588044}.Release|Any CPU.Build.0 = Release|Any CPU
		{50735FCF-69DC-48D0-ACDF-8C6ABDF01D7A}.Debug|Any CPU.ActiveCfg = Debug|Any CPU
		{50735FCF-69DC-48D0-ACDF-8C6ABDF01D7A}.Debug|Any CPU.Build.0 = Debug|Any CPU
		{50735FCF-69DC-48D0-ACDF-8C6ABDF01D7A}.Release|Any CPU.ActiveCfg = Release|Any CPU
		{50735FCF-69DC-48D0-ACDF-8C6ABDF01D7A}.Release|Any CPU.Build.0 = Release|Any CPU
		{A6F61B42-2FF5-4CAD-8304-28C485CF0806}.Debug|Any CPU.ActiveCfg = Debug|Any CPU
		{A6F61B42-2FF5-4CAD-8304-28C485CF0806}.Debug|Any CPU.Build.0 = Debug|Any CPU
		{A6F61B42-2FF5-4CAD-8304-28C485CF0806}.Release|Any CPU.ActiveCfg = Release|Any CPU
		{A6F61B42-2FF5-4CAD-8304-28C485CF0806}.Release|Any CPU.Build.0 = Release|Any CPU
		{29B61128-184C-4580-82FB-CE3AAED10460}.Debug|Any CPU.ActiveCfg = Debug|Any CPU
		{29B61128-184C-4580-82FB-CE3AAED10460}.Debug|Any CPU.Build.0 = Debug|Any CPU
		{29B61128-184C-4580-82FB-CE3AAED10460}.Release|Any CPU.ActiveCfg = Release|Any CPU
		{29B61128-184C-4580-82FB-CE3AAED10460}.Release|Any CPU.Build.0 = Release|Any CPU
	EndGlobalSection
	GlobalSection(SolutionProperties) = preSolution
		HideSolutionNode = FALSE
	EndGlobalSection
	GlobalSection(ExtensibilityGlobals) = postSolution
		SolutionGuid = {C157046A-71B2-4886-8A56-BF516133860E}
	EndGlobalSection
EndGlobal
